
Microsoft Visual Studio Solution File, Format Version 12.00
# Visual Studio 14
VisualStudioVersion = 14.0.25420.1
MinimumVisualStudioVersion = 10.0.40219.1
Project("{FAE04EC0-301F-11D3-BF4B-00C04F79EFBC}") = "ProxyProfiler", "ProxyProfiler\ProxyProfiler.csproj", "{0BB8083A-1020-46A4-AFF7-057488183EBF}"
EndProject
Project("{FAE04EC0-301F-11D3-BF4B-00C04F79EFBC}") = "Console", "Console\Console.csproj", "{43A7C253-CEAF-41BD-BEF8-CD61DE3B7D6E}"
EndProject
Global
	GlobalSection(SolutionConfigurationPlatforms) = preSolution
		Debug|Any CPU = Debug|Any CPU
		Release|Any CPU = Release|Any CPU
	EndGlobalSection
	GlobalSection(ProjectConfigurationPlatforms) = postSolution
		{0BB8083A-1020-46A4-AFF7-057488183EBF}.Debug|Any CPU.ActiveCfg = Debug|Any CPU
		{0BB8083A-1020-46A4-AFF7-057488183EBF}.Debug|Any CPU.Build.0 = Debug|Any CPU
		{0BB8083A-1020-46A4-AFF7-057488183EBF}.Release|Any CPU.ActiveCfg = Release|Any CPU
		{0BB8083A-1020-46A4-AFF7-057488183EBF}.Release|Any CPU.Build.0 = Release|Any CPU
		{43A7C253-CEAF-41BD-BEF8-CD61DE3B7D6E}.Debug|Any CPU.ActiveCfg = Debug|Any CPU
		{43A7C253-CEAF-41BD-BEF8-CD61DE3B7D6E}.Debug|Any CPU.Build.0 = Debug|Any CPU
		{43A7C253-CEAF-41BD-BEF8-CD61DE3B7D6E}.Release|Any CPU.ActiveCfg = Release|Any CPU
		{43A7C253-CEAF-41BD-BEF8-CD61DE3B7D6E}.Release|Any CPU.Build.0 = Release|Any CPU
	EndGlobalSection
	GlobalSection(SolutionProperties) = preSolution
		HideSolutionNode = FALSE
	EndGlobalSection
EndGlobal
